// !$*UTF8*$!
{
	archiveVersion = 1;
	classes = {
	};
	objectVersion = 46;
	objects = {

/* Begin PBXBuildFile section */
		051139BD177D5E6600664CEE /* NextViewController.m in Sources */ = {isa = PBXBuildFile; fileRef = 051139BC177D5E6600664CEE /* NextViewController.m */; };
		05157441172A2D7500DFB1FD /* UIKit.framework in Frameworks */ = {isa = PBXBuildFile; fileRef = 05157440172A2D7500DFB1FD /* UIKit.framework */; };
		05157443172A2D7500DFB1FD /* Foundation.framework in Frameworks */ = {isa = PBXBuildFile; fileRef = 05157442172A2D7500DFB1FD /* Foundation.framework */; };
		05157445172A2D7500DFB1FD /* CoreGraphics.framework in Frameworks */ = {isa = PBXBuildFile; fileRef = 05157444172A2D7500DFB1FD /* CoreGraphics.framework */; };
		0515744B172A2D7500DFB1FD /* InfoPlist.strings in Resources */ = {isa = PBXBuildFile; fileRef = 05157449172A2D7500DFB1FD /* InfoPlist.strings */; };
		0515744D172A2D7500DFB1FD /* main.m in Sources */ = {isa = PBXBuildFile; fileRef = 0515744C172A2D7500DFB1FD /* main.m */; };
		05157451172A2D7500DFB1FD /* HelloAppDelegate.m in Sources */ = {isa = PBXBuildFile; fileRef = 05157450172A2D7500DFB1FD /* HelloAppDelegate.m */; };
		05157453172A2D7500DFB1FD /* Default.png in Resources */ = {isa = PBXBuildFile; fileRef = 05157452172A2D7500DFB1FD /* Default.png */; };
		05157455172A2D7500DFB1FD /* Default@2x.png in Resources */ = {isa = PBXBuildFile; fileRef = 05157454172A2D7500DFB1FD /* Default@2x.png */; };
		05157457172A2D7500DFB1FD /* Default-568h@2x.png in Resources */ = {isa = PBXBuildFile; fileRef = 05157456172A2D7500DFB1FD /* Default-568h@2x.png */; };
		0515745F172A324F00DFB1FD /* HelloViewController.m in Sources */ = {isa = PBXBuildFile; fileRef = 0515745E172A324F00DFB1FD /* HelloViewController.m */; };
		05206FF0173CA33600FE4744 /* SecondViewController.m in Sources */ = {isa = PBXBuildFile; fileRef = 05206FEF173CA33600FE4744 /* SecondViewController.m */; };
		059170E01740BD60004EA549 /* image1@2x.png in Resources */ = {isa = PBXBuildFile; fileRef = 059170DE1740BD60004EA549 /* image1@2x.png */; };
		059170E11740BD60004EA549 /* image2@2x.png in Resources */ = {isa = PBXBuildFile; fileRef = 059170DF1740BD60004EA549 /* image2@2x.png */; };
/* End PBXBuildFile section */

/* Begin PBXFileReference section */
		051139BB177D5E6600664CEE /* NextViewController.h */ = {isa = PBXFileReference; fileEncoding = 4; lastKnownFileType = sourcecode.c.h; path = NextViewController.h; sourceTree = "<group>"; };
		051139BC177D5E6600664CEE /* NextViewController.m */ = {isa = PBXFileReference; fileEncoding = 4; lastKnownFileType = sourcecode.c.objc; path = NextViewController.m; sourceTree = "<group>"; };
		0515743D172A2D7500DFB1FD /* Hello.app */ = {isa = PBXFileReference; explicitFileType = wrapper.application; includeInIndex = 0; path = Hello.app; sourceTree = BUILT_PRODUCTS_DIR; };
		05157440172A2D7500DFB1FD /* UIKit.framework */ = {isa = PBXFileReference; lastKnownFileType = wrapper.framework; name = UIKit.framework; path = System/Library/Frameworks/UIKit.framework; sourceTree = SDKROOT; };
		05157442172A2D7500DFB1FD /* Foundation.framework */ = {isa = PBXFileReference; lastKnownFileType = wrapper.framework; name = Foundation.framework; path = System/Library/Frameworks/Foundation.framework; sourceTree = SDKROOT; };
		05157444172A2D7500DFB1FD /* CoreGraphics.framework */ = {isa = PBXFileReference; lastKnownFileType = wrapper.framework; name = CoreGraphics.framework; path = System/Library/Frameworks/CoreGraphics.framework; sourceTree = SDKROOT; };
		05157448172A2D7500DFB1FD /* Hello-Info.plist */ = {isa = PBXFileReference; lastKnownFileType = text.plist.xml; path = "Hello-Info.plist"; sourceTree = "<group>"; };
		0515744A172A2D7500DFB1FD /* en */ = {isa = PBXFileReference; lastKnownFileType = text.plist.strings; name = en; path = en.lproj/InfoPlist.strings; sourceTree = "<group>"; };
		0515744C172A2D7500DFB1FD /* main.m */ = {isa = PBXFileReference; lastKnownFileType = sourcecode.c.objc; path = main.m; sourceTree = "<group>"; };
		0515744E172A2D7500DFB1FD /* Hello-Prefix.pch */ = {isa = PBXFileReference; lastKnownFileType = sourcecode.c.h; path = "Hello-Prefix.pch"; sourceTree = "<group>"; };
		0515744F172A2D7500DFB1FD /* HelloAppDelegate.h */ = {isa = PBXFileReference; lastKnownFileType = sourcecode.c.h; path = HelloAppDelegate.h; sourceTree = "<group>"; };
		05157450172A2D7500DFB1FD /* HelloAppDelegate.m */ = {isa = PBXFileReference; lastKnownFileType = sourcecode.c.objc; path = HelloAppDelegate.m; sourceTree = "<group>"; };
		05157452172A2D7500DFB1FD /* Default.png */ = {isa = PBXFileReference; lastKnownFileType = image.png; path = Default.png; sourceTree = "<group>"; };
		05157454172A2D7500DFB1FD /* Default@2x.png */ = {isa = PBXFileReference; lastKnownFileType = image.png; path = "Default@2x.png"; sourceTree = "<group>"; };
		05157456172A2D7500DFB1FD /* Default-568h@2x.png */ = {isa = PBXFileReference; lastKnownFileType = image.png; path = "Default-568h@2x.png"; sourceTree = "<group>"; };
		0515745D172A324F00DFB1FD /* HelloViewController.h */ = {isa = PBXFileReference; fileEncoding = 4; lastKnownFileType = sourcecode.c.h; path = HelloViewController.h; sourceTree = "<group>"; };
		0515745E172A324F00DFB1FD /* HelloViewController.m */ = {isa = PBXFileReference; fileEncoding = 4; lastKnownFileType = sourcecode.c.objc; path = HelloViewController.m; sourceTree = "<group>"; };
		05206FEE173CA33600FE4744 /* SecondViewController.h */ = {isa = PBXFileReference; fileEncoding = 4; lastKnownFileType = sourcecode.c.h; path = SecondViewController.h; sourceTree = "<group>"; };
		05206FEF173CA33600FE4744 /* SecondViewController.m */ = {isa = PBXFileReference; fileEncoding = 4; lastKnownFileType = sourcecode.c.objc; path = SecondViewController.m; sourceTree = "<group>"; };
		059170DE1740BD60004EA549 /* image1@2x.png */ = {isa = PBXFileReference; lastKnownFileType = image.png; name = "image1@2x.png"; path = "Hello/Resrouce/image1@2x.png"; sourceTree = "<group>"; };
		059170DF1740BD60004EA549 /* image2@2x.png */ = {isa = PBXFileReference; lastKnownFileType = image.png; name = "image2@2x.png"; path = "Hello/Resrouce/image2@2x.png"; sourceTree = "<group>"; };
/* End PBXFileReference section */

/* Begin PBXFrameworksBuildPhase section */
		0515743A172A2D7500DFB1FD /* Frameworks */ = {
			isa = PBXFrameworksBuildPhase;
			buildActionMask = 2147483647;
			files = (
				05157441172A2D7500DFB1FD /* UIKit.framework in Frameworks */,
				05157443172A2D7500DFB1FD /* Foundation.framework in Frameworks */,
				05157445172A2D7500DFB1FD /* CoreGraphics.framework in Frameworks */,
			);
			runOnlyForDeploymentPostprocessing = 0;
		};
/* End PBXFrameworksBuildPhase section */

/* Begin PBXGroup section */
		05157434172A2D7500DFB1FD = {
			isa = PBXGroup;
			children = (
				059170DD1740AAFF004EA549 /* Resource */,
				05157446172A2D7500DFB1FD /* Hello */,
				0515743F172A2D7500DFB1FD /* Frameworks */,
				0515743E172A2D7500DFB1FD /* Products */,
			);
			sourceTree = "<group>";
		};
		0515743E172A2D7500DFB1FD /* Products */ = {
			isa = PBXGroup;
			children = (
				0515743D172A2D7500DFB1FD /* Hello.app */,
			);
			name = Products;
			sourceTree = "<group>";
		};
		0515743F172A2D7500DFB1FD /* Frameworks */ = {
			isa = PBXGroup;
			children = (
				05157440172A2D7500DFB1FD /* UIKit.framework */,
				05157442172A2D7500DFB1FD /* Foundation.framework */,
				05157444172A2D7500DFB1FD /* CoreGraphics.framework */,
			);
			name = Frameworks;
			sourceTree = "<group>";
		};
		05157446172A2D7500DFB1FD /* Hello */ = {
			isa = PBXGroup;
			children = (
				0515744F172A2D7500DFB1FD /* HelloAppDelegate.h */,
				05157450172A2D7500DFB1FD /* HelloAppDelegate.m */,
				0515745D172A324F00DFB1FD /* HelloViewController.h */,
				0515745E172A324F00DFB1FD /* HelloViewController.m */,
				051139BB177D5E6600664CEE /* NextViewController.h */,
				051139BC177D5E6600664CEE /* NextViewController.m */,
				05206FEE173CA33600FE4744 /* SecondViewController.h */,
				05206FEF173CA33600FE4744 /* SecondViewController.m */,
				05157447172A2D7500DFB1FD /* Supporting Files */,
			);
			path = Hello;
			sourceTree = "<group>";
		};
		05157447172A2D7500DFB1FD /* Supporting Files */ = {
			isa = PBXGroup;
			children = (
				05157448172A2D7500DFB1FD /* Hello-Info.plist */,
				05157449172A2D7500DFB1FD /* InfoPlist.strings */,
				0515744C172A2D7500DFB1FD /* main.m */,
				0515744E172A2D7500DFB1FD /* Hello-Prefix.pch */,
				05157452172A2D7500DFB1FD /* Default.png */,
				05157454172A2D7500DFB1FD /* Default@2x.png */,
				05157456172A2D7500DFB1FD /* Default-568h@2x.png */,
			);
			name = "Supporting Files";
			sourceTree = "<group>";
		};
		059170DD1740AAFF004EA549 /* Resource */ = {
			isa = PBXGroup;
			children = (
				059170DE1740BD60004EA549 /* image1@2x.png */,
				059170DF1740BD60004EA549 /* image2@2x.png */,
			);
			name = Resource;
			sourceTree = "<group>";
		};
/* End PBXGroup section */

/* Begin PBXNativeTarget section */
		0515743C172A2D7500DFB1FD /* Hello */ = {
			isa = PBXNativeTarget;
			buildConfigurationList = 0515745A172A2D7500DFB1FD /* Build configuration list for PBXNativeTarget "Hello" */;
			buildPhases = (
				05157439172A2D7500DFB1FD /* Sources */,
				0515743A172A2D7500DFB1FD /* Frameworks */,
				0515743B172A2D7500DFB1FD /* Resources */,
			);
			buildRules = (
			);
			dependencies = (
			);
			name = Hello;
			productName = Hello;
			productReference = 0515743D172A2D7500DFB1FD /* Hello.app */;
			productType = "com.apple.product-type.application";
		};
/* End PBXNativeTarget section */

/* Begin PBXProject section */
		05157435172A2D7500DFB1FD /* Project object */ = {
			isa = PBXProject;
			attributes = {
				CLASSPREFIX = Hello;
				LastUpgradeCheck = 0460;
				ORGANIZATIONNAME = "Alliance Port, LLC";
			};
			buildConfigurationList = 05157438172A2D7500DFB1FD /* Build configuration list for PBXProject "Hello" */;
			compatibilityVersion = "Xcode 3.2";
			developmentRegion = English;
			hasScannedForEncodings = 0;
			knownRegions = (
				en,
			);
			mainGroup = 05157434172A2D7500DFB1FD;
			productRefGroup = 0515743E172A2D7500DFB1FD /* Products */;
			projectDirPath = "";
			projectRoot = "";
			targets = (
				0515743C172A2D7500DFB1FD /* Hello */,
			);
		};
/* End PBXProject section */

/* Begin PBXResourcesBuildPhase section */
		0515743B172A2D7500DFB1FD /* Resources */ = {
			isa = PBXResourcesBuildPhase;
			buildActionMask = 2147483647;
			files = (
				0515744B172A2D7500DFB1FD /* InfoPlist.strings in Resources */,
				05157453172A2D7500DFB1FD /* Default.png in Resources */,
				05157455172A2D7500DFB1FD /* Default@2x.png in Resources */,
				05157457172A2D7500DFB1FD /* Default-568h@2x.png in Resources */,
				059170E01740BD60004EA549 /* image1@2x.png in Resources */,
				059170E11740BD60004EA549 /* image2@2x.png in Resources */,
			);
			runOnlyForDeploymentPostprocessing = 0;
		};
/* End PBXResourcesBuildPhase section */

/* Begin PBXSourcesBuildPhase section */
		05157439172A2D7500DFB1FD /* Sources */ = {
			isa = PBXSourcesBuildPhase;
			buildActionMask = 2147483647;
			files = (
				0515744D172A2D7500DFB1FD /* main.m in Sources */,
				05157451172A2D7500DFB1FD /* HelloAppDelegate.m in Sources */,
				0515745F172A324F00DFB1FD /* HelloViewController.m in Sources */,
				05206FF0173CA33600FE4744 /* SecondViewController.m in Sources */,
				051139BD177D5E6600664CEE /* NextViewController.m in Sources */,
			);
			runOnlyForDeploymentPostprocessing = 0;
		};
/* End PBXSourcesBuildPhase section */

/* Begin PBXVariantGroup section */
		05157449172A2D7500DFB1FD /* InfoPlist.strings */ = {
			isa = PBXVariantGroup;
			children = (
				0515744A172A2D7500DFB1FD /* en */,
			);
			name = InfoPlist.strings;
			sourceTree = "<group>";
		};
/* End PBXVariantGroup section */

/* Begin XCBuildConfiguration section */
		05157458172A2D7500DFB1FD /* Debug */ = {
			isa = XCBuildConfiguration;
			buildSettings = {
				ALWAYS_SEARCH_USER_PATHS = NO;
				CLANG_CXX_LANGUAGE_STANDARD = "gnu++0x";
				CLANG_CXX_LIBRARY = "libc++";
				CLANG_WARN_CONSTANT_CONVERSION = YES;
				CLANG_WARN_EMPTY_BODY = YES;
				CLANG_WARN_ENUM_CONVERSION = YES;
				CLANG_WARN_INT_CONVERSION = YES;
				CLANG_WARN__DUPLICATE_METHOD_MATCH = YES;
				"CODE_SIGN_IDENTITY[sdk=iphoneos*]" = "iPhone Developer";
				COPY_PHASE_STRIP = NO;
				GCC_C_LANGUAGE_STANDARD = gnu99;
				GCC_DYNAMIC_NO_PIC = NO;
				GCC_OPTIMIZATION_LEVEL = 0;
				GCC_PREPROCESSOR_DEFINITIONS = (
					"DEBUG=1",
					"$(inherited)",
				);
				GCC_SYMBOLS_PRIVATE_EXTERN = NO;
				GCC_WARN_ABOUT_RETURN_TYPE = YES;
				GCC_WARN_UNINITIALIZED_AUTOS = YES;
				GCC_WARN_UNUSED_VARIABLE = YES;
				IPHONEOS_DEPLOYMENT_TARGET = 6.1;
				ONLY_ACTIVE_ARCH = YES;
				SDKROOT = iphoneos;
			};
			name = Debug;
		};
		05157459172A2D7500DFB1FD /* Release */ = {
			isa = XCBuildConfiguration;
			buildSettings = {
				ALWAYS_SEARCH_USER_PATHS = NO;
				CLANG_CXX_LANGUAGE_STANDARD = "gnu++0x";
				CLANG_CXX_LIBRARY = "libc++";
				CLANG_WARN_CONSTANT_CONVERSION = YES;
				CLANG_WARN_EMPTY_BODY = YES;
				CLANG_WARN_ENUM_CONVERSION = YES;
				CLANG_WARN_INT_CONVERSION = YES;
				CLANG_WARN__DUPLICATE_METHOD_MATCH = YES;
				"CODE_SIGN_IDENTITY[sdk=iphoneos*]" = "iPhone Developer";
				COPY_PHASE_STRIP = YES;
				GCC_C_LANGUAGE_STANDARD = gnu99;
				GCC_WARN_ABOUT_RETURN_TYPE = YES;
				GCC_WARN_UNINITIALIZED_AUTOS = YES;
				GCC_WARN_UNUSED_VARIABLE = YES;
				IPHONEOS_DEPLOYMENT_TARGET = 6.1;
				OTHER_CFLAGS = "-DNS_BLOCK_ASSERTIONS=1";
				SDKROOT = iphoneos;
				VALIDATE_PRODUCT = YES;
			};
			name = Release;
		};
		0515745B172A2D7500DFB1FD /* Debug */ = {
			isa = XCBuildConfiguration;
			buildSettings = {
				GCC_PRECOMPILE_PREFIX_HEADER = YES;
				GCC_PREFIX_HEADER = "Hello/Hello-Prefix.pch";
				INFOPLIST_FILE = "Hello/Hello-Info.plist";
				IPHONEOS_DEPLOYMENT_TARGET = 5.0;
				PRODUCT_NAME = "$(TARGET_NAME)";
				WRAPPER_EXTENSION = app;
			};
			name = Debug;
		};
		0515745C172A2D7500DFB1FD /* Release */ = {
			isa = XCBuildConfiguration;
			buildSettings = {
				GCC_PRECOMPILE_PREFIX_HEADER = YES;
				GCC_PREFIX_HEADER = "Hello/Hello-Prefix.pch";
				INFOPLIST_FILE = "Hello/Hello-Info.plist";
				IPHONEOS_DEPLOYMENT_TARGET = 5.0;
				PRODUCT_NAME = "$(TARGET_NAME)";
				WRAPPER_EXTENSION = app;
			};
			name = Release;
		};
/* End XCBuildConfiguration section */

/* Begin XCConfigurationList section */
		05157438172A2D7500DFB1FD /* Build configuration list for PBXProject "Hello" */ = {
			isa = XCConfigurationList;
			buildConfigurations = (
				05157458172A2D7500DFB1FD /* Debug */,
				05157459172A2D7500DFB1FD /* Release */,
			);
			defaultConfigurationIsVisible = 0;
			defaultConfigurationName = Release;
		};
		0515745A172A2D7500DFB1FD /* Build configuration list for PBXNativeTarget "Hello" */ = {
			isa = XCConfigurationList;
			buildConfigurations = (
				0515745B172A2D7500DFB1FD /* Debug */,
				0515745C172A2D7500DFB1FD /* Release */,
			);
			defaultConfigurationIsVisible = 0;
			defaultConfigurationName = Release;
		};
/* End XCConfigurationList section */
	};
	rootObject = 05157435172A2D7500DFB1FD /* Project object */;
}
